// !$*UTF8*$!
{
	archiveVersion = 1;
	classes = {
	};
	objectVersion = 46;
	objects = {

/* Begin PBXBuildFile section */
		E4C789481AF1C03600F44713 /* main.m in Sources */ = {isa = PBXBuildFile; fileRef = E4C789471AF1C03600F44713 /* main.m */; };
		E4C7894B1AF1C03600F44713 /* AppDelegate.m in Sources */ = {isa = PBXBuildFile; fileRef = E4C7894A1AF1C03600F44713 /* AppDelegate.m */; };
		E4C7894E1AF1C03600F44713 /* ViewController.m in Sources */ = {isa = PBXBuildFile; fileRef = E4C7894D1AF1C03600F44713 /* ViewController.m */; };
		E4C789511AF1C03600F44713 /* Main.storyboard in Resources */ = {isa = PBXBuildFile; fileRef = E4C7894F1AF1C03600F44713 /* Main.storyboard */; };
		E4C789531AF1C03600F44713 /* Images.xcassets in Resources */ = {isa = PBXBuildFile; fileRef = E4C789521AF1C03600F44713 /* Images.xcassets */; };
		E4C789561AF1C03600F44713 /* LaunchScreen.xib in Resources */ = {isa = PBXBuildFile; fileRef = E4C789541AF1C03600F44713 /* LaunchScreen.xib */; };
		E4C789621AF1C03600F44713 /* _____Tests.m in Sources */ = {isa = PBXBuildFile; fileRef = E4C789611AF1C03600F44713 /* _____Tests.m */; };
/* End PBXBuildFile section */

/* Begin PBXContainerItemProxy section */
		E4C7895C1AF1C03600F44713 /* PBXContainerItemProxy */ = {
			isa = PBXContainerItemProxy;
			containerPortal = E4C7893A1AF1C03600F44713 /* Project object */;
			proxyType = 1;
			remoteGlobalIDString = E4C789411AF1C03600F44713;
			remoteInfo = "促销倒计时";
		};
/* End PBXContainerItemProxy section */

/* Begin PBXFileReference section */
		E4C789421AF1C03600F44713 /* 促销倒计时.app */ = {isa = PBXFileReference; explicitFileType = wrapper.application; includeInIndex = 0; path = "促销倒计时.app"; sourceTree = BUILT_PRODUCTS_DIR; };
		E4C789461AF1C03600F44713 /* Info.plist */ = {isa = PBXFileReference; lastKnownFileType = text.plist.xml; path = Info.plist; sourceTree = "<group>"; };
		E4C789471AF1C03600F44713 /* main.m */ = {isa = PBXFileReference; lastKnownFileType = sourcecode.c.objc; path = main.m; sourceTree = "<group>"; };
		E4C789491AF1C03600F44713 /* AppDelegate.h */ = {isa = PBXFileReference; lastKnownFileType = sourcecode.c.h; path = AppDelegate.h; sourceTree = "<group>"; };
		E4C7894A1AF1C03600F44713 /* AppDelegate.m */ = {isa = PBXFileReference; lastKnownFileType = sourcecode.c.objc; path = AppDelegate.m; sourceTree = "<group>"; };
		E4C7894C1AF1C03600F44713 /* ViewController.h */ = {isa = PBXFileReference; lastKnownFileType = sourcecode.c.h; path = ViewController.h; sourceTree = "<group>"; };
		E4C7894D1AF1C03600F44713 /* ViewController.m */ = {isa = PBXFileReference; lastKnownFileType = sourcecode.c.objc; path = ViewController.m; sourceTree = "<group>"; };
		E4C789501AF1C03600F44713 /* Base */ = {isa = PBXFileReference; lastKnownFileType = file.storyboard; name = Base; path = Base.lproj/Main.storyboard; sourceTree = "<group>"; };
		E4C789521AF1C03600F44713 /* Images.xcassets */ = {isa = PBXFileReference; lastKnownFileType = folder.assetcatalog; path = Images.xcassets; sourceTree = "<group>"; };
		E4C789551AF1C03600F44713 /* Base */ = {isa = PBXFileReference; lastKnownFileType = file.xib; name = Base; path = Base.lproj/LaunchScreen.xib; sourceTree = "<group>"; };
		E4C7895B1AF1C03600F44713 /* 促销倒计时Tests.xctest */ = {isa = PBXFileReference; explicitFileType = wrapper.cfbundle; includeInIndex = 0; path = "促销倒计时Tests.xctest"; sourceTree = BUILT_PRODUCTS_DIR; };
		E4C789601AF1C03600F44713 /* Info.plist */ = {isa = PBXFileReference; lastKnownFileType = text.plist.xml; path = Info.plist; sourceTree = "<group>"; };
		E4C789611AF1C03600F44713 /* _____Tests.m */ = {isa = PBXFileReference; lastKnownFileType = sourcecode.c.objc; path = "_____Tests.m"; sourceTree = "<group>"; };
/* End PBXFileReference section */

/* Begin PBXFrameworksBuildPhase section */
		E4C7893F1AF1C03600F44713 /* Frameworks */ = {
			isa = PBXFrameworksBuildPhase;
			buildActionMask = 2147483647;
			files = (
			);
			runOnlyForDeploymentPostprocessing = 0;
		};
		E4C789581AF1C03600F44713 /* Frameworks */ = {
			isa = PBXFrameworksBuildPhase;
			buildActionMask = 2147483647;
			files = (
			);
			runOnlyForDeploymentPostprocessing = 0;
		};
/* End PBXFrameworksBuildPhase section */

/* Begin PBXGroup section */
		E4C789391AF1C03600F44713 = {
			isa = PBXGroup;
			children = (
				E4C789441AF1C03600F44713 /* 促销倒计时 */,
				E4C7895E1AF1C03600F44713 /* 促销倒计时Tests */,
				E4C789431AF1C03600F44713 /* Products */,
			);
			sourceTree = "<group>";
		};
		E4C789431AF1C03600F44713 /* Products */ = {
			isa = PBXGroup;
			children = (
				E4C789421AF1C03600F44713 /* 促销倒计时.app */,
				E4C7895B1AF1C03600F44713 /* 促销倒计时Tests.xctest */,
			);
			name = Products;
			sourceTree = "<group>";
		};
		E4C789441AF1C03600F44713 /* 促销倒计时 */ = {
			isa = PBXGroup;
			children = (
				E4C789491AF1C03600F44713 /* AppDelegate.h */,
				E4C7894A1AF1C03600F44713 /* AppDelegate.m */,
				E4C7894C1AF1C03600F44713 /* ViewController.h */,
				E4C7894D1AF1C03600F44713 /* ViewController.m */,
				E4C7894F1AF1C03600F44713 /* Main.storyboard */,
				E4C789521AF1C03600F44713 /* Images.xcassets */,
				E4C789541AF1C03600F44713 /* LaunchScreen.xib */,
				E4C789451AF1C03600F44713 /* Supporting Files */,
			);
			path = "促销倒计时";
			sourceTree = "<group>";
		};
		E4C789451AF1C03600F44713 /* Supporting Files */ = {
			isa = PBXGroup;
			children = (
				E4C789461AF1C03600F44713 /* Info.plist */,
				E4C789471AF1C03600F44713 /* main.m */,
			);
			name = "Supporting Files";
			sourceTree = "<group>";
		};
		E4C7895E1AF1C03600F44713 /* 促销倒计时Tests */ = {
			isa = PBXGroup;
			children = (
				E4C789611AF1C03600F44713 /* _____Tests.m */,
				E4C7895F1AF1C03600F44713 /* Supporting Files */,
			);
			path = "促销倒计时Tests";
			sourceTree = "<group>";
		};
		E4C7895F1AF1C03600F44713 /* Supporting Files */ = {
			isa = PBXGroup;
			children = (
				E4C789601AF1C03600F44713 /* Info.plist */,
			);
			name = "Supporting Files";
			sourceTree = "<group>";
		};
/* End PBXGroup section */

/* Begin PBXNativeTarget section */
		E4C789411AF1C03600F44713 /* 促销倒计时 */ = {
			isa = PBXNativeTarget;
			buildConfigurationList = E4C789651AF1C03600F44713 /* Build configuration list for PBXNativeTarget "促销倒计时" */;
			buildPhases = (
				E4C7893E1AF1C03600F44713 /* Sources */,
				E4C7893F1AF1C03600F44713 /* Frameworks */,
				E4C789401AF1C03600F44713 /* Resources */,
			);
			buildRules = (
			);
			dependencies = (
			);
			name = "促销倒计时";
			productName = "促销倒计时";
			productReference = E4C789421AF1C03600F44713 /* 促销倒计时.app */;
			productType = "com.apple.product-type.application";
		};
		E4C7895A1AF1C03600F44713 /* 促销倒计时Tests */ = {
			isa = PBXNativeTarget;
			buildConfigurationList = E4C789681AF1C03600F44713 /* Build configuration list for PBXNativeTarget "促销倒计时Tests" */;
			buildPhases = (
				E4C789571AF1C03600F44713 /* Sources */,
				E4C789581AF1C03600F44713 /* Frameworks */,
				E4C789591AF1C03600F44713 /* Resources */,
			);
			buildRules = (
			);
			dependencies = (
				E4C7895D1AF1C03600F44713 /* PBXTargetDependency */,
			);
			name = "促销倒计时Tests";
			productName = "促销倒计时Tests";
			productReference = E4C7895B1AF1C03600F44713 /* 促销倒计时Tests.xctest */;
			productType = "com.apple.product-type.bundle.unit-test";
		};
/* End PBXNativeTarget section */

/* Begin PBXProject section */
		E4C7893A1AF1C03600F44713 /* Project object */ = {
			isa = PBXProject;
			attributes = {
				LastUpgradeCheck = 0630;
				ORGANIZATIONNAME = yons;
				TargetAttributes = {
					E4C789411AF1C03600F44713 = {
						CreatedOnToolsVersion = 6.3;
					};
					E4C7895A1AF1C03600F44713 = {
						CreatedOnToolsVersion = 6.3;
						TestTargetID = E4C789411AF1C03600F44713;
					};
				};
			};
			buildConfigurationList = E4C7893D1AF1C03600F44713 /* Build configuration list for PBXProject "促销倒计时" */;
			compatibilityVersion = "Xcode 3.2";
			developmentRegion = English;
			hasScannedForEncodings = 0;
			knownRegions = (
				en,
				Base,
			);
			mainGroup = E4C789391AF1C03600F44713;
			productRefGroup = E4C789431AF1C03600F44713 /* Products */;
			projectDirPath = "";
			projectRoot = "";
			targets = (
				E4C789411AF1C03600F44713 /* 促销倒计时 */,
				E4C7895A1AF1C03600F44713 /* 促销倒计时Tests */,
			);
		};
/* End PBXProject section */

/* Begin PBXResourcesBuildPhase section */
		E4C789401AF1C03600F44713 /* Resources */ = {
			isa = PBXResourcesBuildPhase;
			buildActionMask = 2147483647;
			files = (
				E4C789511AF1C03600F44713 /* Main.storyboard in Resources */,
				E4C789561AF1C03600F44713 /* LaunchScreen.xib in Resources */,
				E4C789531AF1C03600F44713 /* Images.xcassets in Resources */,
			);
			runOnlyForDeploymentPostprocessing = 0;
		};
		E4C789591AF1C03600F44713 /* Resources */ = {
			isa = PBXResourcesBuildPhase;
			buildActionMask = 2147483647;
			files = (
			);
			runOnlyForDeploymentPostprocessing = 0;
		};
/* End PBXResourcesBuildPhase section */

/* Begin PBXSourcesBuildPhase section */
		E4C7893E1AF1C03600F44713 /* Sources */ = {
			isa = PBXSourcesBuildPhase;
			buildActionMask = 2147483647;
			files = (
				E4C7894E1AF1C03600F44713 /* ViewController.m in Sources */,
				E4C7894B1AF1C03600F44713 /* AppDelegate.m in Sources */,
				E4C789481AF1C03600F44713 /* main.m in Sources */,
			);
			runOnlyForDeploymentPostprocessing = 0;
		};
		E4C789571AF1C03600F44713 /* Sources */ = {
			isa = PBXSourcesBuildPhase;
			buildActionMask = 2147483647;
			files = (
				E4C789621AF1C03600F44713 /* _____Tests.m in Sources */,
			);
			runOnlyForDeploymentPostprocessing = 0;
		};
/* End PBXSourcesBuildPhase section */

/* Begin PBXTargetDependency section */
		E4C7895D1AF1C03600F44713 /* PBXTargetDependency */ = {
			isa = PBXTargetDependency;
			target = E4C789411AF1C03600F44713 /* 促销倒计时 */;
			targetProxy = E4C7895C1AF1C03600F44713 /* PBXContainerItemProxy */;
		};
/* End PBXTargetDependency section */

/* Begin PBXVariantGroup section */
		E4C7894F1AF1C03600F44713 /* Main.storyboard */ = {
			isa = PBXVariantGroup;
			children = (
				E4C789501AF1C03600F44713 /* Base */,
			);
			name = Main.storyboard;
			sourceTree = "<group>";
		};
		E4C789541AF1C03600F44713 /* LaunchScreen.xib */ = {
			isa = PBXVariantGroup;
			children = (
				E4C789551AF1C03600F44713 /* Base */,
			);
			name = LaunchScreen.xib;
			sourceTree = "<group>";
		};
/* End PBXVariantGroup section */

/* Begin XCBuildConfiguration section */
		E4C789631AF1C03600F44713 /* Debug */ = {
			isa = XCBuildConfiguration;
			buildSettings = {
				ALWAYS_SEARCH_USER_PATHS = NO;
				CLANG_CXX_LANGUAGE_STANDARD = "gnu++0x";
				CLANG_CXX_LIBRARY = "libc++";
				CLANG_ENABLE_MODULES = YES;
				CLANG_ENABLE_OBJC_ARC = YES;
				CLANG_WARN_BOOL_CONVERSION = YES;
				CLANG_WARN_CONSTANT_CONVERSION = YES;
				CLANG_WARN_DIRECT_OBJC_ISA_USAGE = YES_ERROR;
				CLANG_WARN_EMPTY_BODY = YES;
				CLANG_WARN_ENUM_CONVERSION = YES;
				CLANG_WARN_INT_CONVERSION = YES;
				CLANG_WARN_OBJC_ROOT_CLASS = YES_ERROR;
				CLANG_WARN_UNREACHABLE_CODE = YES;
				CLANG_WARN__DUPLICATE_METHOD_MATCH = YES;
				"CODE_SIGN_IDENTITY[sdk=iphoneos*]" = "iPhone Developer";
				COPY_PHASE_STRIP = NO;
				DEBUG_INFORMATION_FORMAT = "dwarf-with-dsym";
				ENABLE_STRICT_OBJC_MSGSEND = YES;
				GCC_C_LANGUAGE_STANDARD = gnu99;
				GCC_DYNAMIC_NO_PIC = NO;
				GCC_NO_COMMON_BLOCKS = YES;
				GCC_OPTIMIZATION_LEVEL = 0;
				GCC_PREPROCESSOR_DEFINITIONS = (
					"DEBUG=1",
					"$(inherited)",
				);
				GCC_SYMBOLS_PRIVATE_EXTERN = NO;
				GCC_WARN_64_TO_32_BIT_CONVERSION = YES;
				GCC_WARN_ABOUT_RETURN_TYPE = YES_ERROR;
				GCC_WARN_UNDECLARED_SELECTOR = YES;
				GCC_WARN_UNINITIALIZED_AUTOS = YES_AGGRESSIVE;
				GCC_WARN_UNUSED_FUNCTION = YES;
				GCC_WARN_UNUSED_VARIABLE = YES;
				IPHONEOS_DEPLOYMENT_TARGET = 8.3;
				MTL_ENABLE_DEBUG_INFO = YES;
				ONLY_ACTIVE_ARCH = YES;
				SDKROOT = iphoneos;
			};
			name = Debug;
		};
		E4C789641AF1C03600F44713 /* Release */ = {
			isa = XCBuildConfiguration;
			buildSettings = {
				ALWAYS_SEARCH_USER_PATHS = NO;
				CLANG_CXX_LANGUAGE_STANDARD = "gnu++0x";
				CLANG_CXX_LIBRARY = "libc++";
				CLANG_ENABLE_MODULES = YES;
				CLANG_ENABLE_OBJC_ARC = YES;
				CLANG_WARN_BOOL_CONVERSION = YES;
				CLANG_WARN_CONSTANT_CONVERSION = YES;
				CLANG_WARN_DIRECT_OBJC_ISA_USAGE = YES_ERROR;
				CLANG_WARN_EMPTY_BODY = YES;
				CLANG_WARN_ENUM_CONVERSION = YES;
				CLANG_WARN_INT_CONVERSION = YES;
				CLANG_WARN_OBJC_ROOT_CLASS = YES_ERROR;
				CLANG_WARN_UNREACHABLE_CODE = YES;
				CLANG_WARN__DUPLICATE_METHOD_MATCH = YES;
				"CODE_SIGN_IDENTITY[sdk=iphoneos*]" = "iPhone Developer";
				COPY_PHASE_STRIP = NO;
				DEBUG_INFORMATION_FORMAT = "dwarf-with-dsym";
				ENABLE_NS_ASSERTIONS = NO;
				ENABLE_STRICT_OBJC_MSGSEND = YES;
				GCC_C_LANGUAGE_STANDARD = gnu99;
				GCC_NO_COMMON_BLOCKS = YES;
				GCC_WARN_64_TO_32_BIT_CONVERSION = YES;
				GCC_WARN_ABOUT_RETURN_TYPE = YES_ERROR;
				GCC_WARN_UNDECLARED_SELECTOR = YES;
				GCC_WARN_UNINITIALIZED_AUTOS = YES_AGGRESSIVE;
				GCC_WARN_UNUSED_FUNCTION = YES;
				GCC_WARN_UNUSED_VARIABLE = YES;
				IPHONEOS_DEPLOYMENT_TARGET = 8.3;
				MTL_ENABLE_DEBUG_INFO = NO;
				SDKROOT = iphoneos;
				VALIDATE_PRODUCT = YES;
			};
			name = Release;
		};
		E4C789661AF1C03600F44713 /* Debug */ = {
			isa = XCBuildConfiguration;
			buildSettings = {
				ASSETCATALOG_COMPILER_APPICON_NAME = AppIcon;
				INFOPLIST_FILE = "促销倒计时/Info.plist";
				LD_RUNPATH_SEARCH_PATHS = "$(inherited) @executable_path/Frameworks";
				PRODUCT_NAME = "$(TARGET_NAME)";
			};
			name = Debug;
		};
		E4C789671AF1C03600F44713 /* Release */ = {
			isa = XCBuildConfiguration;
			buildSettings = {
				ASSETCATALOG_COMPILER_APPICON_NAME = AppIcon;
				INFOPLIST_FILE = "促销倒计时/Info.plist";
				LD_RUNPATH_SEARCH_PATHS = "$(inherited) @executable_path/Frameworks";
				PRODUCT_NAME = "$(TARGET_NAME)";
			};
			name = Release;
		};
		E4C789691AF1C03600F44713 /* Debug */ = {
			isa = XCBuildConfiguration;
			buildSettings = {
				BUNDLE_LOADER = "$(TEST_HOST)";
				FRAMEWORK_SEARCH_PATHS = (
					"$(SDKROOT)/Developer/Library/Frameworks",
					"$(inherited)",
				);
				GCC_PREPROCESSOR_DEFINITIONS = (
					"DEBUG=1",
					"$(inherited)",
				);
				INFOPLIST_FILE = "促销倒计时Tests/Info.plist";
				LD_RUNPATH_SEARCH_PATHS = "$(inherited) @executable_path/Frameworks @loader_path/Frameworks";
				PRODUCT_NAME = "$(TARGET_NAME)";
				TEST_HOST = "$(BUILT_PRODUCTS_DIR)/促销倒计时.app/促销倒计时";
			};
			name = Debug;
		};
		E4C7896A1AF1C03600F44713 /* Release */ = {
			isa = XCBuildConfiguration;
			buildSettings = {
				BUNDLE_LOADER = "$(TEST_HOST)";
				FRAMEWORK_SEARCH_PATHS = (
					"$(SDKROOT)/Developer/Library/Frameworks",
					"$(inherited)",
				);
				INFOPLIST_FILE = "促销倒计时Tests/Info.plist";
				LD_RUNPATH_SEARCH_PATHS = "$(inherited) @executable_path/Frameworks @loader_path/Frameworks";
				PRODUCT_NAME = "$(TARGET_NAME)";
				TEST_HOST = "$(BUILT_PRODUCTS_DIR)/促销倒计时.app/促销倒计时";
			};
			name = Release;
		};
/* End XCBuildConfiguration section */

/* Begin XCConfigurationList section */
		E4C7893D1AF1C03600F44713 /* Build configuration list for PBXProject "促销倒计时" */ = {
			isa = XCConfigurationList;
			buildConfigurations = (
				E4C789631AF1C03600F44713 /* Debug */,
				E4C789641AF1C03600F44713 /* Release */,
			);
			defaultConfigurationIsVisible = 0;
			defaultConfigurationName = Release;
		};
		E4C789651AF1C03600F44713 /* Build configuration list for PBXNativeTarget "促销倒计时" */ = {
			isa = XCConfigurationList;
			buildConfigurations = (
				E4C789661AF1C03600F44713 /* Debug */,
				E4C789671AF1C03600F44713 /* Release */,
			);
			defaultConfigurationIsVisible = 0;
		};
		E4C789681AF1C03600F44713 /* Build configuration list for PBXNativeTarget "促销倒计时Tests" */ = {
			isa = XCConfigurationList;
			buildConfigurations = (
				E4C789691AF1C03600F44713 /* Debug */,
				E4C7896A1AF1C03600F44713 /* Release */,
			);
			defaultConfigurationIsVisible = 0;
		};
/* End XCConfigurationList section */
	};
	rootObject = E4C7893A1AF1C03600F44713 /* Project object */;
}
